{
    "_meta": {
        "hash": {
            "sha256": "152136460f3d60233751624ada9359a78af55af74491291ef6c16ab7c6c3ea0e"
        },
        "pipfile-spec": 6,
        "requires": {},
        "sources": [
            {
                "url": "https://pypi.python.org/simple",
                "verify_ssl": true
            }
        ]
    },
    "default": {
        "django": {
            "hashes": [
                "sha256:7c3543e4fb070d14e10926189a7fcf42ba919263b7473dceaefce34d54e8a119",
                "sha256:a2814bffd1f007805b19194eb0b9a331933b82bd5da1c3ba3d7b7ba16e06dc4b"
            ],
            "version": "==2.2"
        },
        "django-haystack": {
            "hashes": [
                "sha256:8b54bcc926596765d0a3383d693bcdd76109c7abb6b2323b3984a39e3576028c"
            ],
            "version": "==2.8.1"
        },
        "django-js-asset": {
            "hashes": [
                "sha256:8ec12017f26eec524cab436c64ae73033368a372970af4cf42d9354fcb166bdd",
                "sha256:c163ae80d2e0b22d8fb598047cd0dcef31f81830e127cfecae278ad574167260"
            ],
            "version": "==1.2.2"
        },
        "django-machina": {
            "hashes": [
                "sha256:1205badaadb44eecbe31124de17c5874aa934eba208b95f0505271eca4a5e96d",
                "sha256:1f9fdc80a585b30983fae1351ff488c6ad9c36494122f80626cfa28d5545d2fc"
            ],
            "version": "==1.0.1"
        },
        "django-mptt": {
            "hashes": [
                "sha256:18a41d1b56ca7c02a5b04d246e33ee2d18f6ee5459c02ed1d945f5abdef23a2e",
                "sha256:689a04cce0981671d6061a9928c33a16b47abb0d4cd43cf7dec31ae284fdae9d"
            ],
            "version": "==0.9.1"
        },
        "django-recaptcha": {
            "hashes": [
                "sha256:7eb3263e90166943a4b983d947be00e6a3e6c8a1c8af924934bc986287334be8"
            ],
            "version": "==2.0.2"
        },
        "django-widget-tweaks": {
            "hashes": [
                "sha256:a69cba6c8a6b98f0cf6eef0535f8212d635e19044ee4533d4d78df700c2e233f",
                "sha256:bc645ef88307bc4ac269ee8ee9e572be814cd4a125c2bb6edb59ffcdc194982d"
            ],
            "version": "==1.4.3"
        },
        "markdown2": {
            "hashes": [
                "sha256:7edaa8ecc2843b4404e1cb754a52d1d135ecf181b475d2f32bbc36a562ef407d",
                "sha256:e65d653173f754f616e0a9ccd4496e38e0fe7def285dd8b495a035b75974aa98"
            ],
            "version": "==2.3.7"
        },
        "pillow": {
            "hashes": [
                "sha256:15c056bfa284c30a7f265a41ac4cbbc93bdbfc0dfe0613b9cb8a8581b51a9e55",
                "sha256:1a4e06ba4f74494ea0c58c24de2bb752818e9d504474ec95b0aa94f6b0a7e479",
                "sha256:1c3c707c76be43c9e99cb7e3d5f1bee1c8e5be8b8a2a5eeee665efbf8ddde91a",
                "sha256:1fd0b290203e3b0882d9605d807b03c0f47e3440f97824586c173eca0aadd99d",
                "sha256:24114e4a6e1870c5a24b1da8f60d0ba77a0b4027907860188ea82bd3508c80eb",
                "sha256:258d886a49b6b058cd7abb0ab4b2b85ce78669a857398e83e8b8e28b317b5abb",
                "sha256:33c79b6dd6bc7f65079ab9ca5bebffb5f5d1141c689c9c6a7855776d1b09b7e8",
                "sha256:367385fc797b2c31564c427430c7a8630db1a00bd040555dfc1d5c52e39fcd72",
                "sha256:3c1884ff078fb8bf5f63d7d86921838b82ed4a7d0c027add773c2f38b3168754",
                "sha256:44e5240e8f4f8861d748f2a58b3f04daadab5e22bfec896bf5434745f788f33f",
                "sha256:46aa988e15f3ea72dddd81afe3839437b755fffddb5e173886f11460be909dce",
                "sha256:74d90d499c9c736d52dd6d9b7221af5665b9c04f1767e35f5dd8694324bd4601",
                "sha256:809c0a2ce9032cbcd7b5313f71af4bdc5c8c771cb86eb7559afd954cab82ebb5",
                "sha256:85d1ef2cdafd5507c4221d201aaf62fc9276f8b0f71bd3933363e62a33abc734",
                "sha256:8c3889c7681af77ecfa4431cd42a2885d093ecb811e81fbe5e203abc07e0995b",
                "sha256:9218d81b9fca98d2c47d35d688a0cea0c42fd473159dfd5612dcb0483c63e40b",
                "sha256:9aa4f3827992288edd37c9df345783a69ef58bd20cc02e64b36e44bcd157bbf1",
                "sha256:9d80f44137a70b6f84c750d11019a3419f409c944526a95219bea0ac31f4dd91",
                "sha256:b7ebd36128a2fe93991293f997e44be9286503c7530ace6a55b938b20be288d8",
                "sha256:c4c78e2c71c257c136cdd43869fd3d5e34fc2162dc22e4a5406b0ebe86958239",
                "sha256:c6a842537f887be1fe115d8abb5daa9bc8cc124e455ff995830cc785624a97af",
                "sha256:cf0a2e040fdf5a6d95f4c286c6ef1df6b36c218b528c8a9158ec2452a804b9b8",
                "sha256:cfd28aad6fc61f7a5d4ee556a997dc6e5555d9381d1390c00ecaf984d57e4232",
                "sha256:dca5660e25932771460d4688ccbb515677caaf8595f3f3240ec16c117deff89a",
                "sha256:de7aedc85918c2f887886442e50f52c1b93545606317956d65f342bd81cb4fc3",
                "sha256:e6c0bbf8e277b74196e3140c35f9a1ae3eafd818f7f2d3a15819c49135d6c062"
            ],
            "version": "==6.0.0"
        },
        "psycopg2-binary": {
            "hashes": [
                "sha256:163d3ee445a0b4c0109877da9e46271aacf4e5e3d60ae7368669555c30f13e7c",
                "sha256:1af0bfe7b0c13a0e613a27311fd4f9c5d024e8fc0f4b3d284e7df02a58a11fc0",
                "sha256:2169c3a1bf52d5b30cc98625b5919a964c571a32e8646be20be6c7e3e82079de",
                "sha256:218f079fa48e2ef812dc3d3ce6ec2f67ac56427ba4b038d5d6331f2cceb489c2",
                "sha256:26a958930687e94c4c6c73c171e4d4783b82ae4e16aa3424e6bcd4529bceedf0",
                "sha256:2c7c195aef3acdbc853942bc674844031a732890d2fee88a324298ed376b6c2b",
                "sha256:2ecdbfed7004669472bfa27c8d51012c717c241c7154ae17e4c8f93024043525",
                "sha256:345fc31b71a90ada1b51826537917b19a1af685a91c0f066787069c184d7d00f",
                "sha256:378a06649503f548be5f1e9eec2e94cc1d6138250b82a08dcc6151bca8cec107",
                "sha256:3f300bf2930e501dde09605de85cb2b84c2638e2c954be02a3c86f28176d3525",
                "sha256:6c2f66c653ce8bbd7e789d0f7f92c3f9fea881b55226f0ae5ee550cce9e3cf0e",
                "sha256:6fccbac2633831b877a8fbf865f7082d34895e82a015795a9f80f99a2efe2576",
                "sha256:7a166f8ccb6888358d3e67795b057540ea7caa71ab9e089b0cb0097f01088965",
                "sha256:8f6b84f887ec6fef6c1796779f8ec2603dc7e9ef52bc9269de719d4bcbdaebbb",
                "sha256:92cf3ceb7bb90cf35b8bd993c640b15d4832ba0e142a3b9da5006ef217da595d",
                "sha256:a20dfdf73f56da674926a3811929cff9fd23b9af90be9a6c36ac246a3486eef3",
                "sha256:a84415df4689251556c961e4fe3b25d30e32f00faa8064ce0909458dbe0d67b2",
                "sha256:ab1aa1cd50df3860f624c9713ee9e690eefd4e049d3a4d86577bab6e741e9616",
                "sha256:abc9dcf85e75a8687f2a6d560c0c1a2593e8e34ba6f9ad6721f8212c5de179a2",
                "sha256:c10454710a81a2f4b1ff4d1c83ac2cec63e0e55845a56324991514af5b1299d0",
                "sha256:c38f80719e4dfae7a6311a4f091f07f4fb2fb5d602352015d5639f63f8fabb68",
                "sha256:d75cf00605630b2cfefa5c62373c605dcda1cc0d607902847dbb8e8e9b67c1ce",
                "sha256:dce15cb6ef604c9e38fdaa848f58f83153ade9f4aa5e4cf5812aa27163561750",
                "sha256:e7e0db4311bb76bf3f6e0380f71912cfa6d0be7cc635e3772476050b0dabdabd",
                "sha256:eac59cae78dfe3fbf7ece25c170d7a152f88df7643381aa5e7344c2028a8d8d4",
                "sha256:ead7b3e1567bd14cacd44279c5e42cd19f54b9feed39180220253f4fbe3abd56",
                "sha256:ed772a5e8e7e5dd6bede960a86940c17cf653c7f158dafa5d52e919b676f10ba",
                "sha256:f2d73131acb94afa45de8b6b8a4bfb21bbe3736633d6478e53247f19dd8c299c"
            ],
            "version": "==2.8.1"
        },
        "pytz": {
            "hashes": [
                "sha256:32b0891edff07e28efe91284ed9c31e123d84bea3fd98e1f72be2508f43ef8d9",
                "sha256:d5f05e487007e29e03409f9398d074e158d920d36eb82eaf66fb1136b0c5374c"
            ],
            "version": "==2018.9"
        },
        "sqlparse": {
            "hashes": [
                "sha256:40afe6b8d4b1117e7dff5504d7a8ce07d9a1b15aeeade8a2d10f130a834f8177",
                "sha256:7c3dca29c022744e95b547e867cee89f4fce4373f3549ccd8797d8eb52cdb873"
            ],
            "version": "==0.3.0"
        },
        "whoosh": {
            "hashes": [
                "sha256:7ca5633dbfa9e0e0fa400d3151a8a0c4bec53bd2ecedc0a67705b17565c31a83",
                "sha256:aa39c3c3426e3fd107dcb4bde64ca1e276a65a889d9085a6e4b54ba82420a852",
                "sha256:e0857375f63e9041e03fedd5b7541f97cf78917ac1b6b06c1fcc9b45375dda69"
            ],
            "version": "==2.7.4"
        }
    },
    "develop": {
        "django": {
            "hashes": [
                "sha256:7c3543e4fb070d14e10926189a7fcf42ba919263b7473dceaefce34d54e8a119",
                "sha256:a2814bffd1f007805b19194eb0b9a331933b82bd5da1c3ba3d7b7ba16e06dc4b"
            ],
            "version": "==2.2"
        },
        "django-debug-toolbar": {
            "hashes": [
                "sha256:89d75b60c65db363fb24688d977e5fbf0e73386c67acf562d278402a10fc3736",
                "sha256:c2b0134119a624f4ac9398b44f8e28a01c7686ac350a12a74793f3dd57a9eea0"
            ],
            "version": "==1.11"
        },
        "entrypoints": {
            "hashes": [
                "sha256:589f874b313739ad35be6e0cd7efde2a4e9b6fea91edcc34e58ecbb8dbe56d19",
                "sha256:c70dd71abe5a8c85e55e12c19bd91ccfeec11a6e99044204511f9ed547d48451"
            ],
            "version": "==0.3"
        },
        "flake8": {
            "hashes": [
                "sha256:859996073f341f2670741b51ec1e67a01da142831aa1fdc6242dbf88dffbe661",
                "sha256:a796a115208f5c03b18f332f7c11729812c8c3ded6c46319c59b53efd3819da8"
            ],
            "version": "==3.7.7"
        },
        "isort": {
            "hashes": [
                "sha256:01cb7e1ca5e6c5b3f235f0385057f70558b70d2f00320208825fa62887292f43",
                "sha256:268067462aed7eb2a1e237fcb287852f22077de3fb07964e87e00f829eea2d1a"
            ],
            "version": "==4.3.17"
        },
        "mccabe": {
            "hashes": [
                "sha256:ab8a6258860da4b6677da4bd2fe5dc2c659cff31b3ee4f7f5d64e79735b80d42",
                "sha256:dd8d182285a0fe56bace7f45b5e7d1a6ebcbf524e8f3bd87eb0f125271b8831f"
            ],
            "version": "==0.6.1"
        },
        "pycodestyle": {
            "hashes": [
                "sha256:95a2219d12372f05704562a14ec30bc76b05a5b297b21a5dfe3f6fac3491ae56",
                "sha256:e40a936c9a450ad81df37f549d676d127b1b66000a6c500caa2b085bc0ca976c"
            ],
            "version": "==2.5.0"
        },
        "pyflakes": {
            "hashes": [
                "sha256:17dbeb2e3f4d772725c777fabc446d5634d1038f234e77343108ce445ea69ce0",
                "sha256:d976835886f8c5b31d47970ed689944a0262b5f3afa00a5a7b4dc81e5449f8a2"
            ],
            "version": "==2.1.1"
        },
        "pytz": {
            "hashes": [
                "sha256:32b0891edff07e28efe91284ed9c31e123d84bea3fd98e1f72be2508f43ef8d9",
                "sha256:d5f05e487007e29e03409f9398d074e158d920d36eb82eaf66fb1136b0c5374c"
            ],
            "version": "==2018.9"
        },
        "sqlparse": {
            "hashes": [
                "sha256:40afe6b8d4b1117e7dff5504d7a8ce07d9a1b15aeeade8a2d10f130a834f8177",
                "sha256:7c3dca29c022744e95b547e867cee89f4fce4373f3549ccd8797d8eb52cdb873"
            ],
            "version": "==0.3.0"
        }
    }
}
